{
  "lockfileVersion": 1,
  "configVersion": 1,
  "workspaces": {
    "": {
      "name": "psychostasia",
      "dependencies": {
        "@jsr/qntx__glyphs": "0.13.0",
        "three": "0.186.0",
        "tweak": "github:teranos/tweak#395509aab28143208b115196c8c92b8f2ed44c37",
      },
    },
  },
  "packages": {
    "@jsr/qntx__glyphs": ["@jsr/qntx__glyphs@0.13.0", "https://npm.jsr.io/~/11/@jsr/qntx__glyphs/0.13.0.tgz", {}, "sha512-DH+8BIHjzikTzDHIiK3ZMBuf0jg7LQjtPGVHFn3rFSST8AnFWhu6B+/mtuWZ+rDeRVBPUKaPM3yV0zft+bwL+g=="],

    "three": ["three@0.186.0", "", {}, "sha512-cr/fIM2ddMSVbYVgkfD4jLJv7Fh/8ZTjvo+7gQeSVGUZHxpx9FDwoL5iC7hUz/LiRA8wMbqfnb90xKfm1/HHkQ=="],

    "tweak": ["tweak@github:teranos/tweak#395509a", { "peerDependencies": { "@jsr/qntx__glyphs": "0.13.0" } }, "teranos-tweak-395509a"],
  }
}
